
Microsoft Visual Studio Solution File, Format Version 12.00
# Visual Studio 15
VisualStudioVersion = 15.0.26124.0
MinimumVisualStudioVersion = 15.0.26124.0
Project("{FAE04EC0-301F-11D3-BF4B-00C04F79EFBC}") = "application", "Api.Application\application.csproj", "{FD741FD2-03E0-4EF5-88B0-A77A04911102}"
EndProject
Project("{FAE04EC0-301F-11D3-BF4B-00C04F79EFBC}") = "Domain", "Api.Domain\Domain.csproj", "{3B10D3C6-DB31-45CA-9111-2D045F3D618C}"
EndProject
Project("{FAE04EC0-301F-11D3-BF4B-00C04F79EFBC}") = "CrossCutting", "Api.CrossCutting\CrossCutting.csproj", "{CF49B141-2FCD-48D9-971E-D994878CEB14}"
EndProject
Project("{FAE04EC0-301F-11D3-BF4B-00C04F79EFBC}") = "Service", "Api.Service\Service.csproj", "{86B33F87-DFCA-4D6D-90F1-ECDAF07BAE7D}"
EndProject
Project("{FAE04EC0-301F-11D3-BF4B-00C04F79EFBC}") = "Api.Data.Test", "Api.Data.Test\Api.Data.Test.csproj", "{0AA99017-F10F-491D-B812-0516E5C7FC0F}"
EndProject
Project("{FAE04EC0-301F-11D3-BF4B-00C04F79EFBC}") = "Api.Service.Test", "Api.Service.Test\Api.Service.Test.csproj", "{977F9B34-FC41-4BBC-A36C-1427CADFFCC6}"
EndProject
Project("{FAE04EC0-301F-11D3-BF4B-00C04F79EFBC}") = "Api.Application.Test", "Api.Application.Test\Api.Application.Test.csproj", "{6F2A3A9C-9D64-4D52-8E6F-1A7CE019EFFD}"
EndProject
Project("{FAE04EC0-301F-11D3-BF4B-00C04F79EFBC}") = "Data", "Api.Data\Data.csproj", "{E4802B2D-66B8-44DE-AE4C-AB0AA1D6BA26}"
EndProject
Global
	GlobalSection(SolutionConfigurationPlatforms) = preSolution
		Debug|Any CPU = Debug|Any CPU
		Debug|x64 = Debug|x64
		Debug|x86 = Debug|x86
		Release|Any CPU = Release|Any CPU
		Release|x64 = Release|x64
		Release|x86 = Release|x86
	EndGlobalSection
	GlobalSection(SolutionProperties) = preSolution
		HideSolutionNode = FALSE
	EndGlobalSection
	GlobalSection(ProjectConfigurationPlatforms) = postSolution
		{FD741FD2-03E0-4EF5-88B0-A77A04911102}.Debug|Any CPU.ActiveCfg = Debug|Any CPU
		{FD741FD2-03E0-4EF5-88B0-A77A04911102}.Debug|Any CPU.Build.0 = Debug|Any CPU
		{FD741FD2-03E0-4EF5-88B0-A77A04911102}.Debug|x64.ActiveCfg = Debug|Any CPU
		{FD741FD2-03E0-4EF5-88B0-A77A04911102}.Debug|x64.Build.0 = Debug|Any CPU
		{FD741FD2-03E0-4EF5-88B0-A77A04911102}.Debug|x86.ActiveCfg = Debug|Any CPU
		{FD741FD2-03E0-4EF5-88B0-A77A04911102}.Debug|x86.Build.0 = Debug|Any CPU
		{FD741FD2-03E0-4EF5-88B0-A77A04911102}.Release|Any CPU.ActiveCfg = Release|Any CPU
		{FD741FD2-03E0-4EF5-88B0-A77A04911102}.Release|Any CPU.Build.0 = Release|Any CPU
		{FD741FD2-03E0-4EF5-88B0-A77A04911102}.Release|x64.ActiveCfg = Release|Any CPU
		{FD741FD2-03E0-4EF5-88B0-A77A04911102}.Release|x64.Build.0 = Release|Any CPU
		{FD741FD2-03E0-4EF5-88B0-A77A04911102}.Release|x86.ActiveCfg = Release|Any CPU
		{FD741FD2-03E0-4EF5-88B0-A77A04911102}.Release|x86.Build.0 = Release|Any CPU
		{3B10D3C6-DB31-45CA-9111-2D045F3D618C}.Debug|Any CPU.ActiveCfg = Debug|Any CPU
		{3B10D3C6-DB31-45CA-9111-2D045F3D618C}.Debug|Any CPU.Build.0 = Debug|Any CPU
		{3B10D3C6-DB31-45CA-9111-2D045F3D618C}.Debug|x64.ActiveCfg = Debug|Any CPU
		{3B10D3C6-DB31-45CA-9111-2D045F3D618C}.Debug|x64.Build.0 = Debug|Any CPU
		{3B10D3C6-DB31-45CA-9111-2D045F3D618C}.Debug|x86.ActiveCfg = Debug|Any CPU
		{3B10D3C6-DB31-45CA-9111-2D045F3D618C}.Debug|x86.Build.0 = Debug|Any CPU
		{3B10D3C6-DB31-45CA-9111-2D045F3D618C}.Release|Any CPU.ActiveCfg = Release|Any CPU
		{3B10D3C6-DB31-45CA-9111-2D045F3D618C}.Release|Any CPU.Build.0 = Release|Any CPU
		{3B10D3C6-DB31-45CA-9111-2D045F3D618C}.Release|x64.ActiveCfg = Release|Any CPU
		{3B10D3C6-DB31-45CA-9111-2D045F3D618C}.Release|x64.Build.0 = Release|Any CPU
		{3B10D3C6-DB31-45CA-9111-2D045F3D618C}.Release|x86.ActiveCfg = Release|Any CPU
		{3B10D3C6-DB31-45CA-9111-2D045F3D618C}.Release|x86.Build.0 = Release|Any CPU
		{CF49B141-2FCD-48D9-971E-D994878CEB14}.Debug|Any CPU.ActiveCfg = Debug|Any CPU
		{CF49B141-2FCD-48D9-971E-D994878CEB14}.Debug|Any CPU.Build.0 = Debug|Any CPU
		{CF49B141-2FCD-48D9-971E-D994878CEB14}.Debug|x64.ActiveCfg = Debug|Any CPU
		{CF49B141-2FCD-48D9-971E-D994878CEB14}.Debug|x64.Build.0 = Debug|Any CPU
		{CF49B141-2FCD-48D9-971E-D994878CEB14}.Debug|x86.ActiveCfg = Debug|Any CPU
		{CF49B141-2FCD-48D9-971E-D994878CEB14}.Debug|x86.Build.0 = Debug|Any CPU
		{CF49B141-2FCD-48D9-971E-D994878CEB14}.Release|Any CPU.ActiveCfg = Release|Any CPU
		{CF49B141-2FCD-48D9-971E-D994878CEB14}.Release|Any CPU.Build.0 = Release|Any CPU
		{CF49B141-2FCD-48D9-971E-D994878CEB14}.Release|x64.ActiveCfg = Release|Any CPU
		{CF49B141-2FCD-48D9-971E-D994878CEB14}.Release|x64.Build.0 = Release|Any CPU
		{CF49B141-2FCD-48D9-971E-D994878CEB14}.Release|x86.ActiveCfg = Release|Any CPU
		{CF49B141-2FCD-48D9-971E-D994878CEB14}.Release|x86.Build.0 = Release|Any CPU
		{AAB55082-C306-4D2C-927A-23D5DD4C45F8}.Debug|Any CPU.ActiveCfg = Debug|Any CPU
		{AAB55082-C306-4D2C-927A-23D5DD4C45F8}.Debug|Any CPU.Build.0 = Debug|Any CPU
		{AAB55082-C306-4D2C-927A-23D5DD4C45F8}.Debug|x64.ActiveCfg = Debug|Any CPU
		{AAB55082-C306-4D2C-927A-23D5DD4C45F8}.Debug|x64.Build.0 = Debug|Any CPU
		{AAB55082-C306-4D2C-927A-23D5DD4C45F8}.Debug|x86.ActiveCfg = Debug|Any CPU
		{AAB55082-C306-4D2C-927A-23D5DD4C45F8}.Debug|x86.Build.0 = Debug|Any CPU
		{AAB55082-C306-4D2C-927A-23D5DD4C45F8}.Release|Any CPU.ActiveCfg = Release|Any CPU
		{AAB55082-C306-4D2C-927A-23D5DD4C45F8}.Release|Any CPU.Build.0 = Release|Any CPU
		{AAB55082-C306-4D2C-927A-23D5DD4C45F8}.Release|x64.ActiveCfg = Release|Any CPU
		{AAB55082-C306-4D2C-927A-23D5DD4C45F8}.Release|x64.Build.0 = Release|Any CPU
		{AAB55082-C306-4D2C-927A-23D5DD4C45F8}.Release|x86.ActiveCfg = Release|Any CPU
		{AAB55082-C306-4D2C-927A-23D5DD4C45F8}.Release|x86.Build.0 = Release|Any CPU
		{86B33F87-DFCA-4D6D-90F1-ECDAF07BAE7D}.Debug|Any CPU.ActiveCfg = Debug|Any CPU
		{86B33F87-DFCA-4D6D-90F1-ECDAF07BAE7D}.Debug|Any CPU.Build.0 = Debug|Any CPU
		{86B33F87-DFCA-4D6D-90F1-ECDAF07BAE7D}.Debug|x64.ActiveCfg = Debug|Any CPU
		{86B33F87-DFCA-4D6D-90F1-ECDAF07BAE7D}.Debug|x64.Build.0 = Debug|Any CPU
		{86B33F87-DFCA-4D6D-90F1-ECDAF07BAE7D}.Debug|x86.ActiveCfg = Debug|Any CPU
		{86B33F87-DFCA-4D6D-90F1-ECDAF07BAE7D}.Debug|x86.Build.0 = Debug|Any CPU
		{86B33F87-DFCA-4D6D-90F1-ECDAF07BAE7D}.Release|Any CPU.ActiveCfg = Release|Any CPU
		{86B33F87-DFCA-4D6D-90F1-ECDAF07BAE7D}.Release|Any CPU.Build.0 = Release|Any CPU
		{86B33F87-DFCA-4D6D-90F1-ECDAF07BAE7D}.Release|x64.ActiveCfg = Release|Any CPU
		{86B33F87-DFCA-4D6D-90F1-ECDAF07BAE7D}.Release|x64.Build.0 = Release|Any CPU
		{86B33F87-DFCA-4D6D-90F1-ECDAF07BAE7D}.Release|x86.ActiveCfg = Release|Any CPU
		{86B33F87-DFCA-4D6D-90F1-ECDAF07BAE7D}.Release|x86.Build.0 = Release|Any CPU
		{0AA99017-F10F-491D-B812-0516E5C7FC0F}.Debug|Any CPU.ActiveCfg = Debug|Any CPU
		{0AA99017-F10F-491D-B812-0516E5C7FC0F}.Debug|Any CPU.Build.0 = Debug|Any CPU
		{0AA99017-F10F-491D-B812-0516E5C7FC0F}.Debug|x64.ActiveCfg = Debug|Any CPU
		{0AA99017-F10F-491D-B812-0516E5C7FC0F}.Debug|x64.Build.0 = Debug|Any CPU
		{0AA99017-F10F-491D-B812-0516E5C7FC0F}.Debug|x86.ActiveCfg = Debug|Any CPU
		{0AA99017-F10F-491D-B812-0516E5C7FC0F}.Debug|x86.Build.0 = Debug|Any CPU
		{0AA99017-F10F-491D-B812-0516E5C7FC0F}.Release|Any CPU.ActiveCfg = Release|Any CPU
		{0AA99017-F10F-491D-B812-0516E5C7FC0F}.Release|Any CPU.Build.0 = Release|Any CPU
		{0AA99017-F10F-491D-B812-0516E5C7FC0F}.Release|x64.ActiveCfg = Release|Any CPU
		{0AA99017-F10F-491D-B812-0516E5C7FC0F}.Release|x64.Build.0 = Release|Any CPU
		{0AA99017-F10F-491D-B812-0516E5C7FC0F}.Release|x86.ActiveCfg = Release|Any CPU
		{0AA99017-F10F-491D-B812-0516E5C7FC0F}.Release|x86.Build.0 = Release|Any CPU
		{977F9B34-FC41-4BBC-A36C-1427CADFFCC6}.Debug|Any CPU.ActiveCfg = Debug|Any CPU
		{977F9B34-FC41-4BBC-A36C-1427CADFFCC6}.Debug|Any CPU.Build.0 = Debug|Any CPU
		{977F9B34-FC41-4BBC-A36C-1427CADFFCC6}.Debug|x64.ActiveCfg = Debug|Any CPU
		{977F9B34-FC41-4BBC-A36C-1427CADFFCC6}.Debug|x64.Build.0 = Debug|Any CPU
		{977F9B34-FC41-4BBC-A36C-1427CADFFCC6}.Debug|x86.ActiveCfg = Debug|Any CPU
		{977F9B34-FC41-4BBC-A36C-1427CADFFCC6}.Debug|x86.Build.0 = Debug|Any CPU
		{977F9B34-FC41-4BBC-A36C-1427CADFFCC6}.Release|Any CPU.ActiveCfg = Release|Any CPU
		{977F9B34-FC41-4BBC-A36C-1427CADFFCC6}.Release|Any CPU.Build.0 = Release|Any CPU
		{977F9B34-FC41-4BBC-A36C-1427CADFFCC6}.Release|x64.ActiveCfg = Release|Any CPU
		{977F9B34-FC41-4BBC-A36C-1427CADFFCC6}.Release|x64.Build.0 = Release|Any CPU
		{977F9B34-FC41-4BBC-A36C-1427CADFFCC6}.Release|x86.ActiveCfg = Release|Any CPU
		{977F9B34-FC41-4BBC-A36C-1427CADFFCC6}.Release|x86.Build.0 = Release|Any CPU
		{4A1EA839-D588-4DFF-947F-8661B9E3717F}.Debug|Any CPU.ActiveCfg = Debug|Any CPU
		{4A1EA839-D588-4DFF-947F-8661B9E3717F}.Debug|Any CPU.Build.0 = Debug|Any CPU
		{4A1EA839-D588-4DFF-947F-8661B9E3717F}.Debug|x64.ActiveCfg = Debug|Any CPU
		{4A1EA839-D588-4DFF-947F-8661B9E3717F}.Debug|x64.Build.0 = Debug|Any CPU
		{4A1EA839-D588-4DFF-947F-8661B9E3717F}.Debug|x86.ActiveCfg = Debug|Any CPU
		{4A1EA839-D588-4DFF-947F-8661B9E3717F}.Debug|x86.Build.0 = Debug|Any CPU
		{4A1EA839-D588-4DFF-947F-8661B9E3717F}.Release|Any CPU.ActiveCfg = Release|Any CPU
		{4A1EA839-D588-4DFF-947F-8661B9E3717F}.Release|Any CPU.Build.0 = Release|Any CPU
		{4A1EA839-D588-4DFF-947F-8661B9E3717F}.Release|x64.ActiveCfg = Release|Any CPU
		{4A1EA839-D588-4DFF-947F-8661B9E3717F}.Release|x64.Build.0 = Release|Any CPU
		{4A1EA839-D588-4DFF-947F-8661B9E3717F}.Release|x86.ActiveCfg = Release|Any CPU
		{4A1EA839-D588-4DFF-947F-8661B9E3717F}.Release|x86.Build.0 = Release|Any CPU
		{9BA63B1E-2EAB-45DE-946C-EBAB259B56C3}.Debug|Any CPU.ActiveCfg = Debug|Any CPU
		{9BA63B1E-2EAB-45DE-946C-EBAB259B56C3}.Debug|Any CPU.Build.0 = Debug|Any CPU
		{9BA63B1E-2EAB-45DE-946C-EBAB259B56C3}.Debug|x64.ActiveCfg = Debug|Any CPU
		{9BA63B1E-2EAB-45DE-946C-EBAB259B56C3}.Debug|x64.Build.0 = Debug|Any CPU
		{9BA63B1E-2EAB-45DE-946C-EBAB259B56C3}.Debug|x86.ActiveCfg = Debug|Any CPU
		{9BA63B1E-2EAB-45DE-946C-EBAB259B56C3}.Debug|x86.Build.0 = Debug|Any CPU
		{9BA63B1E-2EAB-45DE-946C-EBAB259B56C3}.Release|Any CPU.ActiveCfg = Release|Any CPU
		{9BA63B1E-2EAB-45DE-946C-EBAB259B56C3}.Release|Any CPU.Build.0 = Release|Any CPU
		{9BA63B1E-2EAB-45DE-946C-EBAB259B56C3}.Release|x64.ActiveCfg = Release|Any CPU
		{9BA63B1E-2EAB-45DE-946C-EBAB259B56C3}.Release|x64.Build.0 = Release|Any CPU
		{9BA63B1E-2EAB-45DE-946C-EBAB259B56C3}.Release|x86.ActiveCfg = Release|Any CPU
		{9BA63B1E-2EAB-45DE-946C-EBAB259B56C3}.Release|x86.Build.0 = Release|Any CPU
		{6F2A3A9C-9D64-4D52-8E6F-1A7CE019EFFD}.Debug|Any CPU.ActiveCfg = Debug|Any CPU
		{6F2A3A9C-9D64-4D52-8E6F-1A7CE019EFFD}.Debug|Any CPU.Build.0 = Debug|Any CPU
		{6F2A3A9C-9D64-4D52-8E6F-1A7CE019EFFD}.Debug|x64.ActiveCfg = Debug|Any CPU
		{6F2A3A9C-9D64-4D52-8E6F-1A7CE019EFFD}.Debug|x64.Build.0 = Debug|Any CPU
		{6F2A3A9C-9D64-4D52-8E6F-1A7CE019EFFD}.Debug|x86.ActiveCfg = Debug|Any CPU
		{6F2A3A9C-9D64-4D52-8E6F-1A7CE019EFFD}.Debug|x86.Build.0 = Debug|Any CPU
		{6F2A3A9C-9D64-4D52-8E6F-1A7CE019EFFD}.Release|Any CPU.ActiveCfg = Release|Any CPU
		{6F2A3A9C-9D64-4D52-8E6F-1A7CE019EFFD}.Release|Any CPU.Build.0 = Release|Any CPU
		{6F2A3A9C-9D64-4D52-8E6F-1A7CE019EFFD}.Release|x64.ActiveCfg = Release|Any CPU
		{6F2A3A9C-9D64-4D52-8E6F-1A7CE019EFFD}.Release|x64.Build.0 = Release|Any CPU
		{6F2A3A9C-9D64-4D52-8E6F-1A7CE019EFFD}.Release|x86.ActiveCfg = Release|Any CPU
		{6F2A3A9C-9D64-4D52-8E6F-1A7CE019EFFD}.Release|x86.Build.0 = Release|Any CPU
		{E4802B2D-66B8-44DE-AE4C-AB0AA1D6BA26}.Debug|Any CPU.ActiveCfg = Debug|Any CPU
		{E4802B2D-66B8-44DE-AE4C-AB0AA1D6BA26}.Debug|Any CPU.Build.0 = Debug|Any CPU
		{E4802B2D-66B8-44DE-AE4C-AB0AA1D6BA26}.Debug|x64.ActiveCfg = Debug|Any CPU
		{E4802B2D-66B8-44DE-AE4C-AB0AA1D6BA26}.Debug|x64.Build.0 = Debug|Any CPU
		{E4802B2D-66B8-44DE-AE4C-AB0AA1D6BA26}.Debug|x86.ActiveCfg = Debug|Any CPU
		{E4802B2D-66B8-44DE-AE4C-AB0AA1D6BA26}.Debug|x86.Build.0 = Debug|Any CPU
		{E4802B2D-66B8-44DE-AE4C-AB0AA1D6BA26}.Release|Any CPU.ActiveCfg = Release|Any CPU
		{E4802B2D-66B8-44DE-AE4C-AB0AA1D6BA26}.Release|Any CPU.Build.0 = Release|Any CPU
		{E4802B2D-66B8-44DE-AE4C-AB0AA1D6BA26}.Release|x64.ActiveCfg = Release|Any CPU
		{E4802B2D-66B8-44DE-AE4C-AB0AA1D6BA26}.Release|x64.Build.0 = Release|Any CPU
		{E4802B2D-66B8-44DE-AE4C-AB0AA1D6BA26}.Release|x86.ActiveCfg = Release|Any CPU
		{E4802B2D-66B8-44DE-AE4C-AB0AA1D6BA26}.Release|x86.Build.0 = Release|Any CPU
	EndGlobalSection
EndGlobal
