
Microsoft Visual Studio Solution File, Format Version 12.00
# Visual Studio 15
VisualStudioVersion = 15.0.26124.0
MinimumVisualStudioVersion = 15.0.26124.0
Project("{FAE04EC0-301F-11D3-BF4B-00C04F79EFBC}") = "application", "Api.Application\application.csproj", "{FD741FD2-03E0-4EF5-88B0-A77A04911102}"
EndProject
Project("{FAE04EC0-301F-11D3-BF4B-00C04F79EFBC}") = "Domain", "Api.Domain\Domain.csproj", "{3B10D3C6-DB31-45CA-9111-2D045F3D618C}"
EndProject
Project("{FAE04EC0-301F-11D3-BF4B-00C04F79EFBC}") = "CrossCutting", "Api.CrossCutting\CrossCutting.csproj", "{CF49B141-2FCD-48D9-971E-D994878CEB14}"
EndProject
Project("{FAE04EC0-301F-11D3-BF4B-00C04F79EFBC}") = "Data", "Api.Data\Data.csproj", "{AAB55082-C306-4D2C-927A-23D5DD4C45F8}"
EndProject
Project("{FAE04EC0-301F-11D3-BF4B-00C04F79EFBC}") = "Service", "Api.Service\Service.csproj", "{86B33F87-DFCA-4D6D-90F1-ECDAF07BAE7D}"
EndProject
Global
	GlobalSection(SolutionConfigurationPlatforms) = preSolution
		Debug|Any CPU = Debug|Any CPU
		Debug|x64 = Debug|x64
		Debug|x86 = Debug|x86
		Release|Any CPU = Release|Any CPU
		Release|x64 = Release|x64
		Release|x86 = Release|x86
	EndGlobalSection
	GlobalSection(SolutionProperties) = preSolution
		HideSolutionNode = FALSE
	EndGlobalSection
	GlobalSection(ProjectConfigurationPlatforms) = postSolution
		{FD741FD2-03E0-4EF5-88B0-A77A04911102}.Debug|Any CPU.ActiveCfg = Debug|Any CPU
		{FD741FD2-03E0-4EF5-88B0-A77A04911102}.Debug|Any CPU.Build.0 = Debug|Any CPU
		{FD741FD2-03E0-4EF5-88B0-A77A04911102}.Debug|x64.ActiveCfg = Debug|Any CPU
		{FD741FD2-03E0-4EF5-88B0-A77A04911102}.Debug|x64.Build.0 = Debug|Any CPU
		{FD741FD2-03E0-4EF5-88B0-A77A04911102}.Debug|x86.ActiveCfg = Debug|Any CPU
		{FD741FD2-03E0-4EF5-88B0-A77A04911102}.Debug|x86.Build.0 = Debug|Any CPU
		{FD741FD2-03E0-4EF5-88B0-A77A04911102}.Release|Any CPU.ActiveCfg = Release|Any CPU
		{FD741FD2-03E0-4EF5-88B0-A77A04911102}.Release|Any CPU.Build.0 = Release|Any CPU
		{FD741FD2-03E0-4EF5-88B0-A77A04911102}.Release|x64.ActiveCfg = Release|Any CPU
		{FD741FD2-03E0-4EF5-88B0-A77A04911102}.Release|x64.Build.0 = Release|Any CPU
		{FD741FD2-03E0-4EF5-88B0-A77A04911102}.Release|x86.ActiveCfg = Release|Any CPU
		{FD741FD2-03E0-4EF5-88B0-A77A04911102}.Release|x86.Build.0 = Release|Any CPU
		{3B10D3C6-DB31-45CA-9111-2D045F3D618C}.Debug|Any CPU.ActiveCfg = Debug|Any CPU
		{3B10D3C6-DB31-45CA-9111-2D045F3D618C}.Debug|Any CPU.Build.0 = Debug|Any CPU
		{3B10D3C6-DB31-45CA-9111-2D045F3D618C}.Debug|x64.ActiveCfg = Debug|Any CPU
		{3B10D3C6-DB31-45CA-9111-2D045F3D618C}.Debug|x64.Build.0 = Debug|Any CPU
		{3B10D3C6-DB31-45CA-9111-2D045F3D618C}.Debug|x86.ActiveCfg = Debug|Any CPU
		{3B10D3C6-DB31-45CA-9111-2D045F3D618C}.Debug|x86.Build.0 = Debug|Any CPU
		{3B10D3C6-DB31-45CA-9111-2D045F3D618C}.Release|Any CPU.ActiveCfg = Release|Any CPU
		{3B10D3C6-DB31-45CA-9111-2D045F3D618C}.Release|Any CPU.Build.0 = Release|Any CPU
		{3B10D3C6-DB31-45CA-9111-2D045F3D618C}.Release|x64.ActiveCfg = Release|Any CPU
		{3B10D3C6-DB31-45CA-9111-2D045F3D618C}.Release|x64.Build.0 = Release|Any CPU
		{3B10D3C6-DB31-45CA-9111-2D045F3D618C}.Release|x86.ActiveCfg = Release|Any CPU
		{3B10D3C6-DB31-45CA-9111-2D045F3D618C}.Release|x86.Build.0 = Release|Any CPU
		{CF49B141-2FCD-48D9-971E-D994878CEB14}.Debug|Any CPU.ActiveCfg = Debug|Any CPU
		{CF49B141-2FCD-48D9-971E-D994878CEB14}.Debug|Any CPU.Build.0 = Debug|Any CPU
		{CF49B141-2FCD-48D9-971E-D994878CEB14}.Debug|x64.ActiveCfg = Debug|Any CPU
		{CF49B141-2FCD-48D9-971E-D994878CEB14}.Debug|x64.Build.0 = Debug|Any CPU
		{CF49B141-2FCD-48D9-971E-D994878CEB14}.Debug|x86.ActiveCfg = Debug|Any CPU
		{CF49B141-2FCD-48D9-971E-D994878CEB14}.Debug|x86.Build.0 = Debug|Any CPU
		{CF49B141-2FCD-48D9-971E-D994878CEB14}.Release|Any CPU.ActiveCfg = Release|Any CPU
		{CF49B141-2FCD-48D9-971E-D994878CEB14}.Release|Any CPU.Build.0 = Release|Any CPU
		{CF49B141-2FCD-48D9-971E-D994878CEB14}.Release|x64.ActiveCfg = Release|Any CPU
		{CF49B141-2FCD-48D9-971E-D994878CEB14}.Release|x64.Build.0 = Release|Any CPU
		{CF49B141-2FCD-48D9-971E-D994878CEB14}.Release|x86.ActiveCfg = Release|Any CPU
		{CF49B141-2FCD-48D9-971E-D994878CEB14}.Release|x86.Build.0 = Release|Any CPU
		{AAB55082-C306-4D2C-927A-23D5DD4C45F8}.Debug|Any CPU.ActiveCfg = Debug|Any CPU
		{AAB55082-C306-4D2C-927A-23D5DD4C45F8}.Debug|Any CPU.Build.0 = Debug|Any CPU
		{AAB55082-C306-4D2C-927A-23D5DD4C45F8}.Debug|x64.ActiveCfg = Debug|Any CPU
		{AAB55082-C306-4D2C-927A-23D5DD4C45F8}.Debug|x64.Build.0 = Debug|Any CPU
		{AAB55082-C306-4D2C-927A-23D5DD4C45F8}.Debug|x86.ActiveCfg = Debug|Any CPU
		{AAB55082-C306-4D2C-927A-23D5DD4C45F8}.Debug|x86.Build.0 = Debug|Any CPU
		{AAB55082-C306-4D2C-927A-23D5DD4C45F8}.Release|Any CPU.ActiveCfg = Release|Any CPU
		{AAB55082-C306-4D2C-927A-23D5DD4C45F8}.Release|Any CPU.Build.0 = Release|Any CPU
		{AAB55082-C306-4D2C-927A-23D5DD4C45F8}.Release|x64.ActiveCfg = Release|Any CPU
		{AAB55082-C306-4D2C-927A-23D5DD4C45F8}.Release|x64.Build.0 = Release|Any CPU
		{AAB55082-C306-4D2C-927A-23D5DD4C45F8}.Release|x86.ActiveCfg = Release|Any CPU
		{AAB55082-C306-4D2C-927A-23D5DD4C45F8}.Release|x86.Build.0 = Release|Any CPU
		{86B33F87-DFCA-4D6D-90F1-ECDAF07BAE7D}.Debug|Any CPU.ActiveCfg = Debug|Any CPU
		{86B33F87-DFCA-4D6D-90F1-ECDAF07BAE7D}.Debug|Any CPU.Build.0 = Debug|Any CPU
		{86B33F87-DFCA-4D6D-90F1-ECDAF07BAE7D}.Debug|x64.ActiveCfg = Debug|Any CPU
		{86B33F87-DFCA-4D6D-90F1-ECDAF07BAE7D}.Debug|x64.Build.0 = Debug|Any CPU
		{86B33F87-DFCA-4D6D-90F1-ECDAF07BAE7D}.Debug|x86.ActiveCfg = Debug|Any CPU
		{86B33F87-DFCA-4D6D-90F1-ECDAF07BAE7D}.Debug|x86.Build.0 = Debug|Any CPU
		{86B33F87-DFCA-4D6D-90F1-ECDAF07BAE7D}.Release|Any CPU.ActiveCfg = Release|Any CPU
		{86B33F87-DFCA-4D6D-90F1-ECDAF07BAE7D}.Release|Any CPU.Build.0 = Release|Any CPU
		{86B33F87-DFCA-4D6D-90F1-ECDAF07BAE7D}.Release|x64.ActiveCfg = Release|Any CPU
		{86B33F87-DFCA-4D6D-90F1-ECDAF07BAE7D}.Release|x64.Build.0 = Release|Any CPU
		{86B33F87-DFCA-4D6D-90F1-ECDAF07BAE7D}.Release|x86.ActiveCfg = Release|Any CPU
		{86B33F87-DFCA-4D6D-90F1-ECDAF07BAE7D}.Release|x86.Build.0 = Release|Any CPU
	EndGlobalSection
EndGlobal
